Microsoft Visual Studio Solution File, Format Version 12.00
# Visual Studio Version 17
VisualStudioVersion = 17.5.2.0
MinimumVisualStudioVersion = 10.0.40219.1
Project("{FAE04EC0-301F-11D3-BF4B-00C04F79EFBC}") = "Mesch.Jyro.Cli", "Mesch.Jyro.Cli.csproj", "{21B7AE51-9A0A-A67A-BA6A-479E2C760BE7}"
EndProject
Global
	GlobalSection(SolutionConfigurationPlatforms) = preSolution
		Debug|Any CPU = Debug|Any CPU
		Release|Any CPU = Release|Any CPU
	EndGlobalSection
	GlobalSection(ProjectConfigurationPlatforms) = postSolution
		{21B7AE51-9A0A-A67A-BA6A-479E2C760BE7}.Debug|Any CPU.ActiveCfg = Debug|Any CPU
		{21B7AE51-9A0A-A67A-BA6A-479E2C760BE7}.Debug|Any CPU.Build.0 = Debug|Any CPU
		{21B7AE51-9A0A-A67A-BA6A-479E2C760BE7}.Release|Any CPU.ActiveCfg = Release|Any CPU
		{21B7AE51-9A0A-A67A-BA6A-479E2C760BE7}.Release|Any CPU.Build.0 = Release|Any CPU
	EndGlobalSection
	GlobalSection(SolutionProperties) = preSolution
		HideSolutionNode = FALSE
	EndGlobalSection
	GlobalSection(ExtensibilityGlobals) = postSolution
		SolutionGuid = {FCB09DA5-98D0-4FD6-9656-A0234939BC6B}
	EndGlobalSection
EndGlobal
